{
  "name": "ubuntukr",
  "version": "0.1.0",
  "lockfileVersion": 3,
  "requires": true,
  "packages": {
    "": {
      "name": "ubuntukr",
      "version": "0.1.0",
      "dependencies": {
        "vanilla-framework": "^4.13.0"
      }
    },
    "node_modules/vanilla-framework": {
      "version": "4.13.0",
      "resolved": "https://registry.npmjs.org/vanilla-framework/-/vanilla-framework-4.13.0.tgz",
      "integrity": "sha512-mUSJqs56ycxpEZwplTOiy4SfihjWsPiAddnQZ9b0s0ak8mLHVxnJF1aNIpPixPWK/NvhD9jVACn5qa2pGabRMQ=="
    }
  }
}
